PODS:
  - Crashlytics (3.11.1):
    - Fabric (~> 1.8.1)
  - Fabric (1.8.2)

DEPENDENCIES:
  - Crashlytics
  - Fabric

SPEC REPOS:
  https://github.com/cocoapods/specs.git:
    - Crashlytics
    - Fabric

SPEC CHECKSUMS:
  Crashlytics: ca7ab4bc304aa216bdc2e4c1a96389ee77252203
  Fabric: d2b22f443ba195d8a7cc204da230977c72733b40

PODFILE CHECKSUM: 4ffc6e6e44fdb12c65389011fd7e36ddd16681ec

COCOAPODS: 1.5.3
